# Pinned dev/CI dependency snapshot for reproducible CI runs (plan §14).
# NOT the published package's dependency spec — that lives in pyproject.toml.
# Regenerate with: uv pip freeze --python .venv/bin/python | grep -v '^scraper\|^-e '
#
# Deliberately does NOT include scrapling: the base install (and this repo's
# CI lint-and-test job) never needs it -- only the wheel-install smoke test's
# explicit job is to confirm scrapling's ABSENCE from a clean base install
# (plan §13/§14 G-lazy-import). `scrapling[fetchers]` lives solely under the
# `[browser]` extra in pyproject.toml.
anyio==4.14.1
build==1.5.0
certifi==2026.6.17
cfgv==3.5.0
distlib==0.4.3
filelock==3.29.5
h11==0.16.0
httpcore==1.0.9
httpx==0.28.1
identify==2.6.19
idna==3.18
iniconfig==2.3.0
nodeenv==1.10.0
packaging==26.2
platformdirs==4.10.0
pluggy==1.6.0
pre-commit==4.6.0
pygments==2.20.0
pyproject-hooks==1.2.0
pytest==9.1.1
python-discovery==1.4.3
pyyaml==6.0.3
ruff==0.15.20
typing-extensions==4.16.0
virtualenv==21.5.1
